
Microsoft Visual Studio Solution File, Format Version 12.00
# Visual Studio 15
VisualStudioVersion = 15.0.26228.4
MinimumVisualStudioVersion = 10.0.40219.1
Project("{FAE04EC0-301F-11D3-BF4B-00C04F79EFBC}") = "AdressProvider", "AddressProvider\AdressProvider.csproj", "{28F7B04A-2674-4AF2-A36A-CB893B2F7181}"
EndProject
Project("{FAE04EC0-301F-11D3-BF4B-00C04F79EFBC}") = "ConsoleClient", "ConsoleClient\ConsoleClient.csproj", "{46F76B6B-1CD0-4C76-B0B2-AE951DF0C434}"
EndProject
Project("{FAE04EC0-301F-11D3-BF4B-00C04F79EFBC}") = "MVCApp", "MVCApp\MVCApp.csproj", "{165C1C76-2710-4B40-8E80-8CBB604A0EEA}"
EndProject
Project("{FAE04EC0-301F-11D3-BF4B-00C04F79EFBC}") = "MapLibrary", "MapLibrary\MapLibrary.csproj", "{A1989A36-A569-4D62-9DCE-3315DFBA9E6D}"
EndProject
Project("{FAE04EC0-301F-11D3-BF4B-00C04F79EFBC}") = "AddressSearchService", "AddressSearchService\AddressSearchService.csproj", "{3FB41693-66ED-42AD-AD4A-9416E3179373}"
EndProject
Global
	GlobalSection(SolutionConfigurationPlatforms) = preSolution
		Debug|Any CPU = Debug|Any CPU
		Debug|Mixed Platforms = Debug|Mixed Platforms
		Debug|x86 = Debug|x86
		Release|Any CPU = Release|Any CPU
		Release|Mixed Platforms = Release|Mixed Platforms
		Release|x86 = Release|x86
	EndGlobalSection
	GlobalSection(ProjectConfigurationPlatforms) = postSolution
		{28F7B04A-2674-4AF2-A36A-CB893B2F7181}.Debug|Any CPU.ActiveCfg = Debug|Any CPU
		{28F7B04A-2674-4AF2-A36A-CB893B2F7181}.Debug|Any CPU.Build.0 = Debug|Any CPU
		{28F7B04A-2674-4AF2-A36A-CB893B2F7181}.Debug|Mixed Platforms.ActiveCfg = Debug|Any CPU
		{28F7B04A-2674-4AF2-A36A-CB893B2F7181}.Debug|Mixed Platforms.Build.0 = Debug|Any CPU
		{28F7B04A-2674-4AF2-A36A-CB893B2F7181}.Debug|x86.ActiveCfg = Debug|Any CPU
		{28F7B04A-2674-4AF2-A36A-CB893B2F7181}.Release|Any CPU.ActiveCfg = Release|Any CPU
		{28F7B04A-2674-4AF2-A36A-CB893B2F7181}.Release|Any CPU.Build.0 = Release|Any CPU
		{28F7B04A-2674-4AF2-A36A-CB893B2F7181}.Release|Mixed Platforms.ActiveCfg = Release|Any CPU
		{28F7B04A-2674-4AF2-A36A-CB893B2F7181}.Release|Mixed Platforms.Build.0 = Release|Any CPU
		{28F7B04A-2674-4AF2-A36A-CB893B2F7181}.Release|x86.ActiveCfg = Release|Any CPU
		{46F76B6B-1CD0-4C76-B0B2-AE951DF0C434}.Debug|Any CPU.ActiveCfg = Debug|x86
		{46F76B6B-1CD0-4C76-B0B2-AE951DF0C434}.Debug|Mixed Platforms.ActiveCfg = Debug|x86
		{46F76B6B-1CD0-4C76-B0B2-AE951DF0C434}.Debug|Mixed Platforms.Build.0 = Debug|x86
		{46F76B6B-1CD0-4C76-B0B2-AE951DF0C434}.Debug|x86.ActiveCfg = Debug|x86
		{46F76B6B-1CD0-4C76-B0B2-AE951DF0C434}.Debug|x86.Build.0 = Debug|x86
		{46F76B6B-1CD0-4C76-B0B2-AE951DF0C434}.Release|Any CPU.ActiveCfg = Release|x86
		{46F76B6B-1CD0-4C76-B0B2-AE951DF0C434}.Release|Mixed Platforms.ActiveCfg = Release|x86
		{46F76B6B-1CD0-4C76-B0B2-AE951DF0C434}.Release|Mixed Platforms.Build.0 = Release|x86
		{46F76B6B-1CD0-4C76-B0B2-AE951DF0C434}.Release|x86.ActiveCfg = Release|x86
		{46F76B6B-1CD0-4C76-B0B2-AE951DF0C434}.Release|x86.Build.0 = Release|x86
		{165C1C76-2710-4B40-8E80-8CBB604A0EEA}.Debug|Any CPU.ActiveCfg = Debug|Any CPU
		{165C1C76-2710-4B40-8E80-8CBB604A0EEA}.Debug|Any CPU.Build.0 = Debug|Any CPU
		{165C1C76-2710-4B40-8E80-8CBB604A0EEA}.Debug|Mixed Platforms.ActiveCfg = Debug|Any CPU
		{165C1C76-2710-4B40-8E80-8CBB604A0EEA}.Debug|Mixed Platforms.Build.0 = Debug|Any CPU
		{165C1C76-2710-4B40-8E80-8CBB604A0EEA}.Debug|x86.ActiveCfg = Debug|Any CPU
		{165C1C76-2710-4B40-8E80-8CBB604A0EEA}.Release|Any CPU.ActiveCfg = Release|Any CPU
		{165C1C76-2710-4B40-8E80-8CBB604A0EEA}.Release|Any CPU.Build.0 = Release|Any CPU
		{165C1C76-2710-4B40-8E80-8CBB604A0EEA}.Release|Mixed Platforms.ActiveCfg = Release|Any CPU
		{165C1C76-2710-4B40-8E80-8CBB604A0EEA}.Release|Mixed Platforms.Build.0 = Release|Any CPU
		{165C1C76-2710-4B40-8E80-8CBB604A0EEA}.Release|x86.ActiveCfg = Release|Any CPU
		{A1989A36-A569-4D62-9DCE-3315DFBA9E6D}.Debug|Any CPU.ActiveCfg = Debug|Any CPU
		{A1989A36-A569-4D62-9DCE-3315DFBA9E6D}.Debug|Any CPU.Build.0 = Debug|Any CPU
		{A1989A36-A569-4D62-9DCE-3315DFBA9E6D}.Debug|Mixed Platforms.ActiveCfg = Debug|Any CPU
		{A1989A36-A569-4D62-9DCE-3315DFBA9E6D}.Debug|Mixed Platforms.Build.0 = Debug|Any CPU
		{A1989A36-A569-4D62-9DCE-3315DFBA9E6D}.Debug|x86.ActiveCfg = Debug|Any CPU
		{A1989A36-A569-4D62-9DCE-3315DFBA9E6D}.Release|Any CPU.ActiveCfg = Release|Any CPU
		{A1989A36-A569-4D62-9DCE-3315DFBA9E6D}.Release|Any CPU.Build.0 = Release|Any CPU
		{A1989A36-A569-4D62-9DCE-3315DFBA9E6D}.Release|Mixed Platforms.ActiveCfg = Release|Any CPU
		{A1989A36-A569-4D62-9DCE-3315DFBA9E6D}.Release|Mixed Platforms.Build.0 = Release|Any CPU
		{A1989A36-A569-4D62-9DCE-3315DFBA9E6D}.Release|x86.ActiveCfg = Release|Any CPU
		{3FB41693-66ED-42AD-AD4A-9416E3179373}.Debug|Any CPU.ActiveCfg = Debug|Any CPU
		{3FB41693-66ED-42AD-AD4A-9416E3179373}.Debug|Any CPU.Build.0 = Debug|Any CPU
		{3FB41693-66ED-42AD-AD4A-9416E3179373}.Debug|Mixed Platforms.ActiveCfg = Debug|Any CPU
		{3FB41693-66ED-42AD-AD4A-9416E3179373}.Debug|Mixed Platforms.Build.0 = Debug|Any CPU
		{3FB41693-66ED-42AD-AD4A-9416E3179373}.Debug|x86.ActiveCfg = Debug|Any CPU
		{3FB41693-66ED-42AD-AD4A-9416E3179373}.Debug|x86.Build.0 = Debug|Any CPU
		{3FB41693-66ED-42AD-AD4A-9416E3179373}.Release|Any CPU.ActiveCfg = Release|Any CPU
		{3FB41693-66ED-42AD-AD4A-9416E3179373}.Release|Any CPU.Build.0 = Release|Any CPU
		{3FB41693-66ED-42AD-AD4A-9416E3179373}.Release|Mixed Platforms.ActiveCfg = Release|Any CPU
		{3FB41693-66ED-42AD-AD4A-9416E3179373}.Release|Mixed Platforms.Build.0 = Release|Any CPU
		{3FB41693-66ED-42AD-AD4A-9416E3179373}.Release|x86.ActiveCfg = Release|Any CPU
		{3FB41693-66ED-42AD-AD4A-9416E3179373}.Release|x86.Build.0 = Release|Any CPU
	EndGlobalSection
	GlobalSection(SolutionProperties) = preSolution
		HideSolutionNode = FALSE
	EndGlobalSection
EndGlobal
